PODS:
  - AppAuth (1.4.0):
    - AppAuth/Core (= 1.4.0)
    - AppAuth/ExternalUserAgent (= 1.4.0)
  - AppAuth/Core (1.4.0)
  - AppAuth/ExternalUserAgent (1.4.0)
  - Charts (3.5.0):
    - Charts/Core (= 3.5.0)
  - Charts/Core (3.5.0)
  - CLTypingLabel (0.4.0)
  - FBSDKCoreKit (7.1.1):
    - FBSDKCoreKit/Basics (= 7.1.1)
    - FBSDKCoreKit/Core (= 7.1.1)
  - FBSDKCoreKit/Basics (7.1.1)
  - FBSDKCoreKit/Core (7.1.1):
    - FBSDKCoreKit/Basics
  - FBSDKLoginKit (7.1.1):
    - FBSDKLoginKit/Login (= 7.1.1)
  - FBSDKLoginKit/Login (7.1.1):
    - FBSDKCoreKit (~> 7.1.1)
  - Firebase/Auth (6.23.0):
    - Firebase/CoreOnly
    - FirebaseAuth (~> 6.5.2)
  - Firebase/CoreOnly (6.23.0):
    - FirebaseCore (= 6.6.7)
  - Firebase/Database (6.23.0):
    - Firebase/CoreOnly
    - FirebaseDatabase (~> 6.2.0)
  - FirebaseAuth (6.5.2):
    - FirebaseAuthInterop (~> 1.0)
    - FirebaseCore (~> 6.6)
    - GoogleUtilities/AppDelegateSwizzler (~> 6.5)
    - GoogleUtilities/Environment (~> 6.5)
    - GTMSessionFetcher/Core (~> 1.1)
  - FirebaseAuthInterop (1.1.0)
  - FirebaseCore (6.6.7):
    - FirebaseCoreDiagnostics (~> 1.2)
    - FirebaseCoreDiagnosticsInterop (~> 1.2)
    - GoogleUtilities/Environment (~> 6.5)
    - GoogleUtilities/Logger (~> 6.5)
  - FirebaseCoreDiagnostics (1.2.4):
    - FirebaseCoreDiagnosticsInterop (~> 1.2)
    - GoogleDataTransportCCTSupport (~> 3.0)
    - GoogleUtilities/Environment (~> 6.5)
    - GoogleUtilities/Logger (~> 6.5)
    - nanopb (~> 0.3.901)
  - FirebaseCoreDiagnosticsInterop (1.2.0)
  - FirebaseDatabase (6.2.1):
    - FirebaseAuthInterop (~> 1.0)
    - FirebaseCore (~> 6.0)
    - leveldb-library (~> 1.22)
  - GoogleDataTransport (6.0.0)
  - GoogleDataTransportCCTSupport (3.0.0):
    - GoogleDataTransport (~> 6.0)
    - nanopb (~> 0.3.901)
  - GoogleSignIn (5.0.2):
    - AppAuth (~> 1.2)
    - GTMAppAuth (~> 1.0)
    - GTMSessionFetcher/Core (~> 1.1)
  - GoogleUtilities/AppDelegateSwizzler (6.6.0):
    - GoogleUtilities/Environment
    - GoogleUtilities/Logger
    - GoogleUtilities/Network
  - GoogleUtilities/Environment (6.6.0):
    - PromisesObjC (~> 1.2)
  - GoogleUtilities/Logger (6.6.0):
    - GoogleUtilities/Environment
  - GoogleUtilities/Network (6.6.0):
    - GoogleUtilities/Logger
    - "GoogleUtilities/NSData+zlib"
    - GoogleUtilities/Reachability
  - "GoogleUtilities/NSData+zlib (6.6.0)"
  - GoogleUtilities/Reachability (6.6.0):
    - GoogleUtilities/Logger
  - GTMAppAuth (1.0.0):
    - AppAuth/Core (~> 1.0)
    - GTMSessionFetcher (~> 1.1)
  - GTMSessionFetcher (1.3.1):
    - GTMSessionFetcher/Full (= 1.3.1)
  - GTMSessionFetcher/Core (1.3.1)
  - GTMSessionFetcher/Full (1.3.1):
    - GTMSessionFetcher/Core (= 1.3.1)
  - leveldb-library (1.22)
  - nanopb (0.3.9011):
    - nanopb/decode (= 0.3.9011)
    - nanopb/encode (= 0.3.9011)
  - nanopb/decode (0.3.9011)
  - nanopb/encode (0.3.9011)
  - PromisesObjC (1.2.8)
  - Realm (4.4.1):
    - Realm/Headers (= 4.4.1)
  - Realm/Headers (4.4.1)
  - RealmSwift (4.4.1):
    - Realm (= 4.4.1)

DEPENDENCIES:
  - Charts
  - CLTypingLabel
  - FBSDKLoginKit
  - Firebase/Auth
  - Firebase/Database
  - GoogleSignIn
  - RealmSwift

SPEC REPOS:
  trunk:
    - AppAuth
    - Charts
    - CLTypingLabel
    - FBSDKCoreKit
    - FBSDKLoginKit
    - Firebase
    - FirebaseAuth
    - FirebaseAuthInterop
    - FirebaseCore
    - FirebaseCoreDiagnostics
    - FirebaseCoreDiagnosticsInterop
    - FirebaseDatabase
    - GoogleDataTransport
    - GoogleDataTransportCCTSupport
    - GoogleSignIn
    - GoogleUtilities
    - GTMAppAuth
    - GTMSessionFetcher
    - leveldb-library
    - nanopb
    - PromisesObjC
    - Realm
    - RealmSwift

SPEC CHECKSUMS:
  AppAuth: 31bcec809a638d7bd2f86ea8a52bd45f6e81e7c7
  Charts: 40a08591df1f8ad5c223ddedfb1a06da92f24f7c
  CLTypingLabel: 95a7d1faf7e3d1d952cd11cb0491d17d80c50934
  FBSDKCoreKit: b46507dc8b8cefed31d644e74d7cc30e2a715ef8
  FBSDKLoginKit: 1a61d79e2b25e2fc0d03dccab1e34b38bbdf2546
  Firebase: 585ae467b3edda6a5444e788fda6888f024d8d6f
  FirebaseAuth: e50319ecc114acf93c2b9581e15d6604ddd7eeb2
  FirebaseAuthInterop: a0f37ae05833af156e72028f648d313f7e7592e9
  FirebaseCore: a2788a0d5f6c1dff17b8f79b4a73654a8d4bfdbd
  FirebaseCoreDiagnostics: b59c024493a409f8aecba02c99928d0d8431d159
  FirebaseCoreDiagnosticsInterop: 296e2c5f5314500a850ad0b83e9e7c10b011a850
  FirebaseDatabase: 4e99c0c475d1ee0aa64ae2b53c93f80b7b60d7d9
  GoogleDataTransport: 061fe7d9b476710e3cd8ea51e8e07d8b67c2b420
  GoogleDataTransportCCTSupport: 0f39025e8cf51f168711bd3fb773938d7e62ddb5
  GoogleSignIn: 7137d297ddc022a7e0aa4619c86d72c909fa7213
  GoogleUtilities: 39530bc0ad980530298e9c4af8549e991fd033b1
  GTMAppAuth: 4deac854479704f348309e7b66189e604cf5e01e
  GTMSessionFetcher: cea130bbfe5a7edc8d06d3f0d17288c32ffe9925
  leveldb-library: 55d93ee664b4007aac644a782d11da33fba316f7
  nanopb: 18003b5e52dab79db540fe93fe9579f399bd1ccd
  PromisesObjC: c119f3cd559f50b7ae681fa59dc1acd19173b7e6
  Realm: 4eb04d7487bd43c0581256f40b424eafb711deff
  RealmSwift: 3eb8924ff7100df5928c7602f71d0fec51e7c9c5

PODFILE CHECKSUM: 24927489add8c96efb99c3c09af26c9f29b95691

COCOAPODS: 1.9.1
